// !$*UTF8*$!
{
	archiveVersion = 1;
	classes = {
	};
	objectVersion = 46;
	objects = {

/* Begin PBXBuildFile section */
		F5E295971A837A8500E05FE2 /* First.storyboard in Resources */ = {isa = PBXBuildFile; fileRef = F5E295961A837A8500E05FE2 /* First.storyboard */; };
		F5E295991A837B3E00E05FE2 /* Second.storyboard in Resources */ = {isa = PBXBuildFile; fileRef = F5E295981A837B3E00E05FE2 /* Second.storyboard */; };
		F5EEB1281A8265C200B33684 /* AppDelegate.swift in Sources */ = {isa = PBXBuildFile; fileRef = F5EEB1271A8265C200B33684 /* AppDelegate.swift */; };
		F5EEB12A1A8265C200B33684 /* ViewController.swift in Sources */ = {isa = PBXBuildFile; fileRef = F5EEB1291A8265C200B33684 /* ViewController.swift */; };
		F5EEB12D1A8265C200B33684 /* Main.storyboard in Resources */ = {isa = PBXBuildFile; fileRef = F5EEB12B1A8265C200B33684 /* Main.storyboard */; };
		F5EEB12F1A8265C200B33684 /* Images.xcassets in Resources */ = {isa = PBXBuildFile; fileRef = F5EEB12E1A8265C200B33684 /* Images.xcassets */; };
		F5EEB1321A8265C200B33684 /* LaunchScreen.xib in Resources */ = {isa = PBXBuildFile; fileRef = F5EEB1301A8265C200B33684 /* LaunchScreen.xib */; };
		F5EEB13E1A8265C200B33684 /* StoryboardBridgeControllerTests.swift in Sources */ = {isa = PBXBuildFile; fileRef = F5EEB13D1A8265C200B33684 /* StoryboardBridgeControllerTests.swift */; };
		F5EEB1481A82667800B33684 /* StoryboardBridgeController.swift in Sources */ = {isa = PBXBuildFile; fileRef = F5EEB1471A82667800B33684 /* StoryboardBridgeController.swift */; };
/* End PBXBuildFile section */

/* Begin PBXContainerItemProxy section */
		F5EEB1381A8265C200B33684 /* PBXContainerItemProxy */ = {
			isa = PBXContainerItemProxy;
			containerPortal = F5EEB11A1A8265C200B33684 /* Project object */;
			proxyType = 1;
			remoteGlobalIDString = F5EEB1211A8265C200B33684;
			remoteInfo = StoryboardBridgeController;
		};
/* End PBXContainerItemProxy section */

/* Begin PBXFileReference section */
		F5E295961A837A8500E05FE2 /* First.storyboard */ = {isa = PBXFileReference; fileEncoding = 4; lastKnownFileType = file.storyboard; name = First.storyboard; path = ../../First.storyboard; sourceTree = "<group>"; };
		F5E295981A837B3E00E05FE2 /* Second.storyboard */ = {isa = PBXFileReference; fileEncoding = 4; lastKnownFileType = file.storyboard; path = Second.storyboard; sourceTree = "<group>"; };
		F5EEB1221A8265C200B33684 /* StoryboardBridgeController.app */ = {isa = PBXFileReference; explicitFileType = wrapper.application; includeInIndex = 0; path = StoryboardBridgeController.app; sourceTree = BUILT_PRODUCTS_DIR; };
		F5EEB1261A8265C200B33684 /* Info.plist */ = {isa = PBXFileReference; lastKnownFileType = text.plist.xml; path = Info.plist; sourceTree = "<group>"; };
		F5EEB1271A8265C200B33684 /* AppDelegate.swift */ = {isa = PBXFileReference; lastKnownFileType = sourcecode.swift; path = AppDelegate.swift; sourceTree = "<group>"; };
		F5EEB1291A8265C200B33684 /* ViewController.swift */ = {isa = PBXFileReference; lastKnownFileType = sourcecode.swift; path = ViewController.swift; sourceTree = "<group>"; };
		F5EEB12C1A8265C200B33684 /* Base */ = {isa = PBXFileReference; lastKnownFileType = file.storyboard; name = Base; path = Base.lproj/Main.storyboard; sourceTree = "<group>"; };
		F5EEB12E1A8265C200B33684 /* Images.xcassets */ = {isa = PBXFileReference; lastKnownFileType = folder.assetcatalog; path = Images.xcassets; sourceTree = "<group>"; };
		F5EEB1311A8265C200B33684 /* Base */ = {isa = PBXFileReference; lastKnownFileType = file.xib; name = Base; path = Base.lproj/LaunchScreen.xib; sourceTree = "<group>"; };
		F5EEB1371A8265C200B33684 /* StoryboardBridgeControllerTests.xctest */ = {isa = PBXFileReference; explicitFileType = wrapper.cfbundle; includeInIndex = 0; path = StoryboardBridgeControllerTests.xctest; sourceTree = BUILT_PRODUCTS_DIR; };
		F5EEB13C1A8265C200B33684 /* Info.plist */ = {isa = PBXFileReference; lastKnownFileType = text.plist.xml; path = Info.plist; sourceTree = "<group>"; };
		F5EEB13D1A8265C200B33684 /* StoryboardBridgeControllerTests.swift */ = {isa = PBXFileReference; lastKnownFileType = sourcecode.swift; path = StoryboardBridgeControllerTests.swift; sourceTree = "<group>"; };
		F5EEB1471A82667800B33684 /* StoryboardBridgeController.swift */ = {isa = PBXFileReference; fileEncoding = 4; lastKnownFileType = sourcecode.swift; name = StoryboardBridgeController.swift; path = StoryboardBridgeController/StoryboardBridgeController/StoryboardBridgeController.swift; sourceTree = "<group>"; };
/* End PBXFileReference section */

/* Begin PBXFrameworksBuildPhase section */
		F5EEB11F1A8265C200B33684 /* Frameworks */ = {
			isa = PBXFrameworksBuildPhase;
			buildActionMask = 2147483647;
			files = (
			);
			runOnlyForDeploymentPostprocessing = 0;
		};
		F5EEB1341A8265C200B33684 /* Frameworks */ = {
			isa = PBXFrameworksBuildPhase;
			buildActionMask = 2147483647;
			files = (
			);
			runOnlyForDeploymentPostprocessing = 0;
		};
/* End PBXFrameworksBuildPhase section */

/* Begin PBXGroup section */
		F5E295951A837A0D00E05FE2 /* Storyboards */ = {
			isa = PBXGroup;
			children = (
				F5EEB12B1A8265C200B33684 /* Main.storyboard */,
				F5E295961A837A8500E05FE2 /* First.storyboard */,
				F5E295981A837B3E00E05FE2 /* Second.storyboard */,
			);
			name = Storyboards;
			sourceTree = "<group>";
		};
		F5EEB1191A8265C200B33684 = {
			isa = PBXGroup;
			children = (
				F5EEB1241A8265C200B33684 /* StoryboardBridgeController */,
				F5EEB13A1A8265C200B33684 /* StoryboardBridgeControllerTests */,
				F5EEB1231A8265C200B33684 /* Products */,
			);
			sourceTree = "<group>";
		};
		F5EEB1231A8265C200B33684 /* Products */ = {
			isa = PBXGroup;
			children = (
				F5EEB1221A8265C200B33684 /* StoryboardBridgeController.app */,
				F5EEB1371A8265C200B33684 /* StoryboardBridgeControllerTests.xctest */,
			);
			name = Products;
			sourceTree = "<group>";
		};
		F5EEB1241A8265C200B33684 /* StoryboardBridgeController */ = {
			isa = PBXGroup;
			children = (
				F5E295951A837A0D00E05FE2 /* Storyboards */,
				F5EEB1471A82667800B33684 /* StoryboardBridgeController.swift */,
				F5EEB1271A8265C200B33684 /* AppDelegate.swift */,
				F5EEB1291A8265C200B33684 /* ViewController.swift */,
				F5EEB12E1A8265C200B33684 /* Images.xcassets */,
				F5EEB1301A8265C200B33684 /* LaunchScreen.xib */,
				F5EEB1251A8265C200B33684 /* Supporting Files */,
			);
			path = StoryboardBridgeController;
			sourceTree = "<group>";
		};
		F5EEB1251A8265C200B33684 /* Supporting Files */ = {
			isa = PBXGroup;
			children = (
				F5EEB1261A8265C200B33684 /* Info.plist */,
			);
			name = "Supporting Files";
			sourceTree = "<group>";
		};
		F5EEB13A1A8265C200B33684 /* StoryboardBridgeControllerTests */ = {
			isa = PBXGroup;
			children = (
				F5EEB13D1A8265C200B33684 /* StoryboardBridgeControllerTests.swift */,
				F5EEB13B1A8265C200B33684 /* Supporting Files */,
			);
			path = StoryboardBridgeControllerTests;
			sourceTree = "<group>";
		};
		F5EEB13B1A8265C200B33684 /* Supporting Files */ = {
			isa = PBXGroup;
			children = (
				F5EEB13C1A8265C200B33684 /* Info.plist */,
			);
			name = "Supporting Files";
			sourceTree = "<group>";
		};
/* End PBXGroup section */

/* Begin PBXNativeTarget section */
		F5EEB1211A8265C200B33684 /* StoryboardBridgeController */ = {
			isa = PBXNativeTarget;
			buildConfigurationList = F5EEB1411A8265C200B33684 /* Build configuration list for PBXNativeTarget "StoryboardBridgeController" */;
			buildPhases = (
				F5EEB11E1A8265C200B33684 /* Sources */,
				F5EEB11F1A8265C200B33684 /* Frameworks */,
				F5EEB1201A8265C200B33684 /* Resources */,
			);
			buildRules = (
			);
			dependencies = (
			);
			name = StoryboardBridgeController;
			productName = StoryboardBridgeController;
			productReference = F5EEB1221A8265C200B33684 /* StoryboardBridgeController.app */;
			productType = "com.apple.product-type.application";
		};
		F5EEB1361A8265C200B33684 /* StoryboardBridgeControllerTests */ = {
			isa = PBXNativeTarget;
			buildConfigurationList = F5EEB1441A8265C200B33684 /* Build configuration list for PBXNativeTarget "StoryboardBridgeControllerTests" */;
			buildPhases = (
				F5EEB1331A8265C200B33684 /* Sources */,
				F5EEB1341A8265C200B33684 /* Frameworks */,
				F5EEB1351A8265C200B33684 /* Resources */,
			);
			buildRules = (
			);
			dependencies = (
				F5EEB1391A8265C200B33684 /* PBXTargetDependency */,
			);
			name = StoryboardBridgeControllerTests;
			productName = StoryboardBridgeControllerTests;
			productReference = F5EEB1371A8265C200B33684 /* StoryboardBridgeControllerTests.xctest */;
			productType = "com.apple.product-type.bundle.unit-test";
		};
/* End PBXNativeTarget section */

/* Begin PBXProject section */
		F5EEB11A1A8265C200B33684 /* Project object */ = {
			isa = PBXProject;
			attributes = {
				LastUpgradeCheck = 0610;
				ORGANIZATIONNAME = Taskworld;
				TargetAttributes = {
					F5EEB1211A8265C200B33684 = {
						CreatedOnToolsVersion = 6.1.1;
					};
					F5EEB1361A8265C200B33684 = {
						CreatedOnToolsVersion = 6.1.1;
						TestTargetID = F5EEB1211A8265C200B33684;
					};
				};
			};
			buildConfigurationList = F5EEB11D1A8265C200B33684 /* Build configuration list for PBXProject "StoryboardBridgeController" */;
			compatibilityVersion = "Xcode 3.2";
			developmentRegion = English;
			hasScannedForEncodings = 0;
			knownRegions = (
				en,
				Base,
			);
			mainGroup = F5EEB1191A8265C200B33684;
			productRefGroup = F5EEB1231A8265C200B33684 /* Products */;
			projectDirPath = "";
			projectRoot = "";
			targets = (
				F5EEB1211A8265C200B33684 /* StoryboardBridgeController */,
				F5EEB1361A8265C200B33684 /* StoryboardBridgeControllerTests */,
			);
		};
/* End PBXProject section */

/* Begin PBXResourcesBuildPhase section */
		F5EEB1201A8265C200B33684 /* Resources */ = {
			isa = PBXResourcesBuildPhase;
			buildActionMask = 2147483647;
			files = (
				F5EEB12D1A8265C200B33684 /* Main.storyboard in Resources */,
				F5EEB1321A8265C200B33684 /* LaunchScreen.xib in Resources */,
				F5EEB12F1A8265C200B33684 /* Images.xcassets in Resources */,
				F5E295991A837B3E00E05FE2 /* Second.storyboard in Resources */,
				F5E295971A837A8500E05FE2 /* First.storyboard in Resources */,
			);
			runOnlyForDeploymentPostprocessing = 0;
		};
		F5EEB1351A8265C200B33684 /* Resources */ = {
			isa = PBXResourcesBuildPhase;
			buildActionMask = 2147483647;
			files = (
			);
			runOnlyForDeploymentPostprocessing = 0;
		};
/* End PBXResourcesBuildPhase section */

/* Begin PBXSourcesBuildPhase section */
		F5EEB11E1A8265C200B33684 /* Sources */ = {
			isa = PBXSourcesBuildPhase;
			buildActionMask = 2147483647;
			files = (
				F5EEB12A1A8265C200B33684 /* ViewController.swift in Sources */,
				F5EEB1481A82667800B33684 /* StoryboardBridgeController.swift in Sources */,
				F5EEB1281A8265C200B33684 /* AppDelegate.swift in Sources */,
			);
			runOnlyForDeploymentPostprocessing = 0;
		};
		F5EEB1331A8265C200B33684 /* Sources */ = {
			isa = PBXSourcesBuildPhase;
			buildActionMask = 2147483647;
			files = (
				F5EEB13E1A8265C200B33684 /* StoryboardBridgeControllerTests.swift in Sources */,
			);
			runOnlyForDeploymentPostprocessing = 0;
		};
/* End PBXSourcesBuildPhase section */

/* Begin PBXTargetDependency section */
		F5EEB1391A8265C200B33684 /* PBXTargetDependency */ = {
			isa = PBXTargetDependency;
			target = F5EEB1211A8265C200B33684 /* StoryboardBridgeController */;
			targetProxy = F5EEB1381A8265C200B33684 /* PBXContainerItemProxy */;
		};
/* End PBXTargetDependency section */

/* Begin PBXVariantGroup section */
		F5EEB12B1A8265C200B33684 /* Main.storyboard */ = {
			isa = PBXVariantGroup;
			children = (
				F5EEB12C1A8265C200B33684 /* Base */,
			);
			name = Main.storyboard;
			sourceTree = "<group>";
		};
		F5EEB1301A8265C200B33684 /* LaunchScreen.xib */ = {
			isa = PBXVariantGroup;
			children = (
				F5EEB1311A8265C200B33684 /* Base */,
			);
			name = LaunchScreen.xib;
			sourceTree = "<group>";
		};
/* End PBXVariantGroup section */

/* Begin XCBuildConfiguration section */
		F5EEB13F1A8265C200B33684 /* Debug */ = {
			isa = XCBuildConfiguration;
			buildSettings = {
				ALWAYS_SEARCH_USER_PATHS = NO;
				CLANG_CXX_LANGUAGE_STANDARD = "gnu++0x";
				CLANG_CXX_LIBRARY = "libc++";
				CLANG_ENABLE_MODULES = YES;
				CLANG_ENABLE_OBJC_ARC = YES;
				CLANG_WARN_BOOL_CONVERSION = YES;
				CLANG_WARN_CONSTANT_CONVERSION = YES;
				CLANG_WARN_DIRECT_OBJC_ISA_USAGE = YES_ERROR;
				CLANG_WARN_EMPTY_BODY = YES;
				CLANG_WARN_ENUM_CONVERSION = YES;
				CLANG_WARN_INT_CONVERSION = YES;
				CLANG_WARN_OBJC_ROOT_CLASS = YES_ERROR;
				CLANG_WARN_UNREACHABLE_CODE = YES;
				CLANG_WARN__DUPLICATE_METHOD_MATCH = YES;
				"CODE_SIGN_IDENTITY[sdk=iphoneos*]" = "iPhone Developer";
				COPY_PHASE_STRIP = NO;
				ENABLE_STRICT_OBJC_MSGSEND = YES;
				GCC_C_LANGUAGE_STANDARD = gnu99;
				GCC_DYNAMIC_NO_PIC = NO;
				GCC_OPTIMIZATION_LEVEL = 0;
				GCC_PREPROCESSOR_DEFINITIONS = (
					"DEBUG=1",
					"$(inherited)",
				);
				GCC_SYMBOLS_PRIVATE_EXTERN = NO;
				GCC_WARN_64_TO_32_BIT_CONVERSION = YES;
				GCC_WARN_ABOUT_RETURN_TYPE = YES_ERROR;
				GCC_WARN_UNDECLARED_SELECTOR = YES;
				GCC_WARN_UNINITIALIZED_AUTOS = YES_AGGRESSIVE;
				GCC_WARN_UNUSED_FUNCTION = YES;
				GCC_WARN_UNUSED_VARIABLE = YES;
				IPHONEOS_DEPLOYMENT_TARGET = 8.1;
				MTL_ENABLE_DEBUG_INFO = YES;
				ONLY_ACTIVE_ARCH = YES;
				SDKROOT = iphoneos;
				SWIFT_OPTIMIZATION_LEVEL = "-Onone";
			};
			name = Debug;
		};
		F5EEB1401A8265C200B33684 /* Release */ = {
			isa = XCBuildConfiguration;
			buildSettings = {
				ALWAYS_SEARCH_USER_PATHS = NO;
				CLANG_CXX_LANGUAGE_STANDARD = "gnu++0x";
				CLANG_CXX_LIBRARY = "libc++";
				CLANG_ENABLE_MODULES = YES;
				CLANG_ENABLE_OBJC_ARC = YES;
				CLANG_WARN_BOOL_CONVERSION = YES;
				CLANG_WARN_CONSTANT_CONVERSION = YES;
				CLANG_WARN_DIRECT_OBJC_ISA_USAGE = YES_ERROR;
				CLANG_WARN_EMPTY_BODY = YES;
				CLANG_WARN_ENUM_CONVERSION = YES;
				CLANG_WARN_INT_CONVERSION = YES;
				CLANG_WARN_OBJC_ROOT_CLASS = YES_ERROR;
				CLANG_WARN_UNREACHABLE_CODE = YES;
				CLANG_WARN__DUPLICATE_METHOD_MATCH = YES;
				"CODE_SIGN_IDENTITY[sdk=iphoneos*]" = "iPhone Developer";
				COPY_PHASE_STRIP = YES;
				ENABLE_NS_ASSERTIONS = NO;
				ENABLE_STRICT_OBJC_MSGSEND = YES;
				GCC_C_LANGUAGE_STANDARD = gnu99;
				GCC_WARN_64_TO_32_BIT_CONVERSION = YES;
				GCC_WARN_ABOUT_RETURN_TYPE = YES_ERROR;
				GCC_WARN_UNDECLARED_SELECTOR = YES;
				GCC_WARN_UNINITIALIZED_AUTOS = YES_AGGRESSIVE;
				GCC_WARN_UNUSED_FUNCTION = YES;
				GCC_WARN_UNUSED_VARIABLE = YES;
				IPHONEOS_DEPLOYMENT_TARGET = 8.1;
				MTL_ENABLE_DEBUG_INFO = NO;
				SDKROOT = iphoneos;
				VALIDATE_PRODUCT = YES;
			};
			name = Release;
		};
		F5EEB1421A8265C200B33684 /* Debug */ = {
			isa = XCBuildConfiguration;
			buildSettings = {
				ASSETCATALOG_COMPILER_APPICON_NAME = AppIcon;
				INFOPLIST_FILE = StoryboardBridgeController/Info.plist;
				LD_RUNPATH_SEARCH_PATHS = "$(inherited) @executable_path/Frameworks";
				PRODUCT_NAME = "$(TARGET_NAME)";
			};
			name = Debug;
		};
		F5EEB1431A8265C200B33684 /* Release */ = {
			isa = XCBuildConfiguration;
			buildSettings = {
				ASSETCATALOG_COMPILER_APPICON_NAME = AppIcon;
				INFOPLIST_FILE = StoryboardBridgeController/Info.plist;
				LD_RUNPATH_SEARCH_PATHS = "$(inherited) @executable_path/Frameworks";
				PRODUCT_NAME = "$(TARGET_NAME)";
			};
			name = Release;
		};
		F5EEB1451A8265C200B33684 /* Debug */ = {
			isa = XCBuildConfiguration;
			buildSettings = {
				BUNDLE_LOADER = "$(TEST_HOST)";
				FRAMEWORK_SEARCH_PATHS = (
					"$(SDKROOT)/Developer/Library/Frameworks",
					"$(inherited)",
				);
				GCC_PREPROCESSOR_DEFINITIONS = (
					"DEBUG=1",
					"$(inherited)",
				);
				INFOPLIST_FILE = StoryboardBridgeControllerTests/Info.plist;
				LD_RUNPATH_SEARCH_PATHS = "$(inherited) @executable_path/Frameworks @loader_path/Frameworks";
				PRODUCT_NAME = "$(TARGET_NAME)";
				TEST_HOST = "$(BUILT_PRODUCTS_DIR)/StoryboardBridgeController.app/StoryboardBridgeController";
			};
			name = Debug;
		};
		F5EEB1461A8265C200B33684 /* Release */ = {
			isa = XCBuildConfiguration;
			buildSettings = {
				BUNDLE_LOADER = "$(TEST_HOST)";
				FRAMEWORK_SEARCH_PATHS = (
					"$(SDKROOT)/Developer/Library/Frameworks",
					"$(inherited)",
				);
				INFOPLIST_FILE = StoryboardBridgeControllerTests/Info.plist;
				LD_RUNPATH_SEARCH_PATHS = "$(inherited) @executable_path/Frameworks @loader_path/Frameworks";
				PRODUCT_NAME = "$(TARGET_NAME)";
				TEST_HOST = "$(BUILT_PRODUCTS_DIR)/StoryboardBridgeController.app/StoryboardBridgeController";
			};
			name = Release;
		};
/* End XCBuildConfiguration section */

/* Begin XCConfigurationList section */
		F5EEB11D1A8265C200B33684 /* Build configuration list for PBXProject "StoryboardBridgeController" */ = {
			isa = XCConfigurationList;
			buildConfigurations = (
				F5EEB13F1A8265C200B33684 /* Debug */,
				F5EEB1401A8265C200B33684 /* Release */,
			);
			defaultConfigurationIsVisible = 0;
			defaultConfigurationName = Release;
		};
		F5EEB1411A8265C200B33684 /* Build configuration list for PBXNativeTarget "StoryboardBridgeController" */ = {
			isa = XCConfigurationList;
			buildConfigurations = (
				F5EEB1421A8265C200B33684 /* Debug */,
				F5EEB1431A8265C200B33684 /* Release */,
			);
			defaultConfigurationIsVisible = 0;
			defaultConfigurationName = Release;
		};
		F5EEB1441A8265C200B33684 /* Build configuration list for PBXNativeTarget "StoryboardBridgeControllerTests" */ = {
			isa = XCConfigurationList;
			buildConfigurations = (
				F5EEB1451A8265C200B33684 /* Debug */,
				F5EEB1461A8265C200B33684 /* Release */,
			);
			defaultConfigurationIsVisible = 0;
			defaultConfigurationName = Release;
		};
/* End XCConfigurationList section */
	};
	rootObject = F5EEB11A1A8265C200B33684 /* Project object */;
}
